
Microsoft Visual Studio Solution File, Format Version 12.00
# Visual Studio Version 17
VisualStudioVersion = 17.5.33530.505
MinimumVisualStudioVersion = 10.0.40219.1
Project("{FAE04EC0-301F-11D3-BF4B-00C04F79EFBC}") = "KalybFormSubmit", "KalybFormSubmit\KalybFormSubmit.csproj", "{9F33DF6A-EDDE-4B84-8EF4-5BFA5E809BD7}"
EndProject
Global
	GlobalSection(SolutionConfigurationPlatforms) = preSolution
		Debug|Any CPU = Debug|Any CPU
		Release|Any CPU = Release|Any CPU
	EndGlobalSection
	GlobalSection(ProjectConfigurationPlatforms) = postSolution
		{9F33DF6A-EDDE-4B84-8EF4-5BFA5E809BD7}.Debug|Any CPU.ActiveCfg = Debug|Any CPU
		{9F33DF6A-EDDE-4B84-8EF4-5BFA5E809BD7}.Debug|Any CPU.Build.0 = Debug|Any CPU
		{9F33DF6A-EDDE-4B84-8EF4-5BFA5E809BD7}.Release|Any CPU.ActiveCfg = Release|Any CPU
		{9F33DF6A-EDDE-4B84-8EF4-5BFA5E809BD7}.Release|Any CPU.Build.0 = Release|Any CPU
	EndGlobalSection
	GlobalSection(SolutionProperties) = preSolution
		HideSolutionNode = FALSE
	EndGlobalSection
	GlobalSection(ExtensibilityGlobals) = postSolution
		SolutionGuid = {119F5773-31F1-4131-A45F-256518E756C4}
	EndGlobalSection
EndGlobal
